{
  "name": "ETH_India20223",
  "lockfileVersion": 2,
  "requires": true,
  "packages": {
    "": {
      "dependencies": {
        "@zetachain/protocol-contracts": "^3.0.1"
      }
    },
    "node_modules/@zetachain/protocol-contracts": {
      "version": "3.0.1",
      "resolved": "https://registry.npmjs.org/@zetachain/protocol-contracts/-/protocol-contracts-3.0.1.tgz",
      "integrity": "sha512-F0ZY3z25TftUFHWjNP63gPh1ppFcTaATAqDX87Ld9ED2iDQ7tUEAN7R2A8BEzbcIi+n8dfLWQSPCFcgP1vFB/w=="
    }
  },
  "dependencies": {
    "@zetachain/protocol-contracts": {
      "version": "3.0.1",
      "resolved": "https://registry.npmjs.org/@zetachain/protocol-contracts/-/protocol-contracts-3.0.1.tgz",
      "integrity": "sha512-F0ZY3z25TftUFHWjNP63gPh1ppFcTaATAqDX87Ld9ED2iDQ7tUEAN7R2A8BEzbcIi+n8dfLWQSPCFcgP1vFB/w=="
    }
  }
}
